// !$*UTF8*$!
{
	archiveVersion = 1;
	classes = {
	};
	objectVersion = 56;
	objects = {

/* Begin PBXBuildFile section */
		2A071C792AD5AE7700E1625C /* ContentView.swift in Sources */ = {isa = PBXBuildFile; fileRef = 2A071C782AD5AE7700E1625C /* ContentView.swift */; };
		2A071C7B2AD5AE7800E1625C /* Assets.xcassets in Resources */ = {isa = PBXBuildFile; fileRef = 2A071C7A2AD5AE7800E1625C /* Assets.xcassets */; };
		2A071C7E2AD5AE7800E1625C /* Preview Assets.xcassets in Resources */ = {isa = PBXBuildFile; fileRef = 2A071C7D2AD5AE7800E1625C /* Preview Assets.xcassets */; };
		2A071C882AD5AE7900E1625C /* MoviesAppTests.swift in Sources */ = {isa = PBXBuildFile; fileRef = 2A071C872AD5AE7900E1625C /* MoviesAppTests.swift */; };
		2A071C922AD5AE7900E1625C /* MoviesAppUITests.swift in Sources */ = {isa = PBXBuildFile; fileRef = 2A071C912AD5AE7900E1625C /* MoviesAppUITests.swift */; };
		2A071C942AD5AE7900E1625C /* MoviesAppUITestsLaunchTests.swift in Sources */ = {isa = PBXBuildFile; fileRef = 2A071C932AD5AE7900E1625C /* MoviesAppUITestsLaunchTests.swift */; };
		2A071CA22AD5AF4300E1625C /* Movie.swift in Sources */ = {isa = PBXBuildFile; fileRef = 2A071CA12AD5AF4300E1625C /* Movie.swift */; };
		2A071CA52AD5AF5600E1625C /* AddMovieScreen.swift in Sources */ = {isa = PBXBuildFile; fileRef = 2A071CA42AD5AF5600E1625C /* AddMovieScreen.swift */; };
		2A071CA72AD5B05B00E1625C /* MovieListScreen.swift in Sources */ = {isa = PBXBuildFile; fileRef = 2A071CA62AD5B05B00E1625C /* MovieListScreen.swift */; };
		2A071CAA2AD5B82600E1625C /* String+Extensions.swift in Sources */ = {isa = PBXBuildFile; fileRef = 2A071CA92AD5B82600E1625C /* String+Extensions.swift */; };
		2A071CAD2AD5BD1700E1625C /* MovieListView.swift in Sources */ = {isa = PBXBuildFile; fileRef = 2A071CAC2AD5BD1700E1625C /* MovieListView.swift */; };
		2A071CAF2AD5EE2B00E1625C /* MovieDetailScreen.swift in Sources */ = {isa = PBXBuildFile; fileRef = 2A071CAE2AD5EE2B00E1625C /* MovieDetailScreen.swift */; };
		2A071CB12AD5F7DF00E1625C /* MovieApp.swift in Sources */ = {isa = PBXBuildFile; fileRef = 2A071CB02AD5F7DF00E1625C /* MovieApp.swift */; };
		2A071CB32AD5F84900E1625C /* Review.swift in Sources */ = {isa = PBXBuildFile; fileRef = 2A071CB22AD5F84900E1625C /* Review.swift */; };
		2A071CB52AD5FA6700E1625C /* AddReviewScreen.swift in Sources */ = {isa = PBXBuildFile; fileRef = 2A071CB42AD5FA6700E1625C /* AddReviewScreen.swift */; };
		2A071CB72AD6041300E1625C /* ReviewListView.swift in Sources */ = {isa = PBXBuildFile; fileRef = 2A071CB62AD6041300E1625C /* ReviewListView.swift */; };
		2A071CB92AD64F4100E1625C /* Actor.swift in Sources */ = {isa = PBXBuildFile; fileRef = 2A071CB82AD64F4100E1625C /* Actor.swift */; };
		2A7E7A2B2AD655A700A49DB6 /* ActorListView.swift in Sources */ = {isa = PBXBuildFile; fileRef = 2A7E7A2A2AD655A700A49DB6 /* ActorListView.swift */; };
		2A7E7A2D2AD6580F00A49DB6 /* ActorSelectionView.swift in Sources */ = {isa = PBXBuildFile; fileRef = 2A7E7A2C2AD6580F00A49DB6 /* ActorSelectionView.swift */; };
		2A7E7A2F2AD65DFA00A49DB6 /* ActorCellView.swift in Sources */ = {isa = PBXBuildFile; fileRef = 2A7E7A2E2AD65DFA00A49DB6 /* ActorCellView.swift */; };
/* End PBXBuildFile section */

/* Begin PBXContainerItemProxy section */
		2A071C842AD5AE7900E1625C /* PBXContainerItemProxy */ = {
			isa = PBXContainerItemProxy;
			containerPortal = 2A071C6B2AD5AE7700E1625C /* Project object */;
			proxyType = 1;
			remoteGlobalIDString = 2A071C722AD5AE7700E1625C;
			remoteInfo = MoviesApp;
		};
		2A071C8E2AD5AE7900E1625C /* PBXContainerItemProxy */ = {
			isa = PBXContainerItemProxy;
			containerPortal = 2A071C6B2AD5AE7700E1625C /* Project object */;
			proxyType = 1;
			remoteGlobalIDString = 2A071C722AD5AE7700E1625C;
			remoteInfo = MoviesApp;
		};
/* End PBXContainerItemProxy section */

/* Begin PBXFileReference section */
		2A071C732AD5AE7700E1625C /* MoviesApp.app */ = {isa = PBXFileReference; explicitFileType = wrapper.application; includeInIndex = 0; path = MoviesApp.app; sourceTree = BUILT_PRODUCTS_DIR; };
		2A071C782AD5AE7700E1625C /* ContentView.swift */ = {isa = PBXFileReference; lastKnownFileType = sourcecode.swift; path = ContentView.swift; sourceTree = "<group>"; };
		2A071C7A2AD5AE7800E1625C /* Assets.xcassets */ = {isa = PBXFileReference; lastKnownFileType = folder.assetcatalog; path = Assets.xcassets; sourceTree = "<group>"; };
		2A071C7D2AD5AE7800E1625C /* Preview Assets.xcassets */ = {isa = PBXFileReference; lastKnownFileType = folder.assetcatalog; path = "Preview Assets.xcassets"; sourceTree = "<group>"; };
		2A071C832AD5AE7900E1625C /* MoviesAppTests.xctest */ = {isa = PBXFileReference; explicitFileType = wrapper.cfbundle; includeInIndex = 0; path = MoviesAppTests.xctest; sourceTree = BUILT_PRODUCTS_DIR; };
		2A071C872AD5AE7900E1625C /* MoviesAppTests.swift */ = {isa = PBXFileReference; lastKnownFileType = sourcecode.swift; path = MoviesAppTests.swift; sourceTree = "<group>"; };
		2A071C8D2AD5AE7900E1625C /* MoviesAppUITests.xctest */ = {isa = PBXFileReference; explicitFileType = wrapper.cfbundle; includeInIndex = 0; path = MoviesAppUITests.xctest; sourceTree = BUILT_PRODUCTS_DIR; };
		2A071C912AD5AE7900E1625C /* MoviesAppUITests.swift */ = {isa = PBXFileReference; lastKnownFileType = sourcecode.swift; path = MoviesAppUITests.swift; sourceTree = "<group>"; };
		2A071C932AD5AE7900E1625C /* MoviesAppUITestsLaunchTests.swift */ = {isa = PBXFileReference; lastKnownFileType = sourcecode.swift; path = MoviesAppUITestsLaunchTests.swift; sourceTree = "<group>"; };
		2A071CA12AD5AF4300E1625C /* Movie.swift */ = {isa = PBXFileReference; fileEncoding = 4; lastKnownFileType = sourcecode.swift; path = Movie.swift; sourceTree = "<group>"; };
		2A071CA42AD5AF5600E1625C /* AddMovieScreen.swift */ = {isa = PBXFileReference; fileEncoding = 4; lastKnownFileType = sourcecode.swift; path = AddMovieScreen.swift; sourceTree = "<group>"; };
		2A071CA62AD5B05B00E1625C /* MovieListScreen.swift */ = {isa = PBXFileReference; lastKnownFileType = sourcecode.swift; path = MovieListScreen.swift; sourceTree = "<group>"; };
		2A071CA92AD5B82600E1625C /* String+Extensions.swift */ = {isa = PBXFileReference; fileEncoding = 4; lastKnownFileType = sourcecode.swift; path = "String+Extensions.swift"; sourceTree = "<group>"; };
		2A071CAC2AD5BD1700E1625C /* MovieListView.swift */ = {isa = PBXFileReference; lastKnownFileType = sourcecode.swift; path = MovieListView.swift; sourceTree = "<group>"; };
		2A071CAE2AD5EE2B00E1625C /* MovieDetailScreen.swift */ = {isa = PBXFileReference; lastKnownFileType = sourcecode.swift; path = MovieDetailScreen.swift; sourceTree = "<group>"; };
		2A071CB02AD5F7DF00E1625C /* MovieApp.swift */ = {isa = PBXFileReference; lastKnownFileType = sourcecode.swift; path = MovieApp.swift; sourceTree = "<group>"; };
		2A071CB22AD5F84900E1625C /* Review.swift */ = {isa = PBXFileReference; lastKnownFileType = sourcecode.swift; path = Review.swift; sourceTree = "<group>"; };
		2A071CB42AD5FA6700E1625C /* AddReviewScreen.swift */ = {isa = PBXFileReference; lastKnownFileType = sourcecode.swift; path = AddReviewScreen.swift; sourceTree = "<group>"; };
		2A071CB62AD6041300E1625C /* ReviewListView.swift */ = {isa = PBXFileReference; lastKnownFileType = sourcecode.swift; path = ReviewListView.swift; sourceTree = "<group>"; };
		2A071CB82AD64F4100E1625C /* Actor.swift */ = {isa = PBXFileReference; lastKnownFileType = sourcecode.swift; path = Actor.swift; sourceTree = "<group>"; };
		2A7E7A2A2AD655A700A49DB6 /* ActorListView.swift */ = {isa = PBXFileReference; lastKnownFileType = sourcecode.swift; path = ActorListView.swift; sourceTree = "<group>"; };
		2A7E7A2C2AD6580F00A49DB6 /* ActorSelectionView.swift */ = {isa = PBXFileReference; lastKnownFileType = sourcecode.swift; path = ActorSelectionView.swift; sourceTree = "<group>"; };
		2A7E7A2E2AD65DFA00A49DB6 /* ActorCellView.swift */ = {isa = PBXFileReference; lastKnownFileType = sourcecode.swift; path = ActorCellView.swift; sourceTree = "<group>"; };
/* End PBXFileReference section */

/* Begin PBXFrameworksBuildPhase section */
		2A071C702AD5AE7700E1625C /* Frameworks */ = {
			isa = PBXFrameworksBuildPhase;
			buildActionMask = 2147483647;
			files = (
			);
			runOnlyForDeploymentPostprocessing = 0;
		};
		2A071C802AD5AE7900E1625C /* Frameworks */ = {
			isa = PBXFrameworksBuildPhase;
			buildActionMask = 2147483647;
			files = (
			);
			runOnlyForDeploymentPostprocessing = 0;
		};
		2A071C8A2AD5AE7900E1625C /* Frameworks */ = {
			isa = PBXFrameworksBuildPhase;
			buildActionMask = 2147483647;
			files = (
			);
			runOnlyForDeploymentPostprocessing = 0;
		};
/* End PBXFrameworksBuildPhase section */

/* Begin PBXGroup section */
		2A071C6A2AD5AE7700E1625C = {
			isa = PBXGroup;
			children = (
				2A071C752AD5AE7700E1625C /* MoviesApp */,
				2A071C862AD5AE7900E1625C /* MoviesAppTests */,
				2A071C902AD5AE7900E1625C /* MoviesAppUITests */,
				2A071C742AD5AE7700E1625C /* Products */,
			);
			sourceTree = "<group>";
		};
		2A071C742AD5AE7700E1625C /* Products */ = {
			isa = PBXGroup;
			children = (
				2A071C732AD5AE7700E1625C /* MoviesApp.app */,
				2A071C832AD5AE7900E1625C /* MoviesAppTests.xctest */,
				2A071C8D2AD5AE7900E1625C /* MoviesAppUITests.xctest */,
			);
			name = Products;
			sourceTree = "<group>";
		};
		2A071C752AD5AE7700E1625C /* MoviesApp */ = {
			isa = PBXGroup;
			children = (
				2A071CAB2AD5BD0000E1625C /* Views */,
				2A071CA82AD5B82600E1625C /* Extensions */,
				2A071CA32AD5AF5600E1625C /* Screens */,
				2A071CA02AD5AF4300E1625C /* Models */,
				2A071C782AD5AE7700E1625C /* ContentView.swift */,
				2A071C7A2AD5AE7800E1625C /* Assets.xcassets */,
				2A071C7C2AD5AE7800E1625C /* Preview Content */,
				2A071CB02AD5F7DF00E1625C /* MovieApp.swift */,
			);
			path = MoviesApp;
			sourceTree = "<group>";
		};
		2A071C7C2AD5AE7800E1625C /* Preview Content */ = {
			isa = PBXGroup;
			children = (
				2A071C7D2AD5AE7800E1625C /* Preview Assets.xcassets */,
			);
			path = "Preview Content";
			sourceTree = "<group>";
		};
		2A071C862AD5AE7900E1625C /* MoviesAppTests */ = {
			isa = PBXGroup;
			children = (
				2A071C872AD5AE7900E1625C /* MoviesAppTests.swift */,
			);
			path = MoviesAppTests;
			sourceTree = "<group>";
		};
		2A071C902AD5AE7900E1625C /* MoviesAppUITests */ = {
			isa = PBXGroup;
			children = (
				2A071C912AD5AE7900E1625C /* MoviesAppUITests.swift */,
				2A071C932AD5AE7900E1625C /* MoviesAppUITestsLaunchTests.swift */,
			);
			path = MoviesAppUITests;
			sourceTree = "<group>";
		};
		2A071CA02AD5AF4300E1625C /* Models */ = {
			isa = PBXGroup;
			children = (
				2A071CA12AD5AF4300E1625C /* Movie.swift */,
				2A071CB22AD5F84900E1625C /* Review.swift */,
				2A071CB82AD64F4100E1625C /* Actor.swift */,
			);
			path = Models;
			sourceTree = "<group>";
		};
		2A071CA32AD5AF5600E1625C /* Screens */ = {
			isa = PBXGroup;
			children = (
				2A071CA42AD5AF5600E1625C /* AddMovieScreen.swift */,
				2A071CA62AD5B05B00E1625C /* MovieListScreen.swift */,
				2A071CAE2AD5EE2B00E1625C /* MovieDetailScreen.swift */,
				2A071CB42AD5FA6700E1625C /* AddReviewScreen.swift */,
			);
			path = Screens;
			sourceTree = "<group>";
		};
		2A071CA82AD5B82600E1625C /* Extensions */ = {
			isa = PBXGroup;
			children = (
				2A071CA92AD5B82600E1625C /* String+Extensions.swift */,
			);
			path = Extensions;
			sourceTree = "<group>";
		};
		2A071CAB2AD5BD0000E1625C /* Views */ = {
			isa = PBXGroup;
			children = (
				2A071CAC2AD5BD1700E1625C /* MovieListView.swift */,
				2A071CB62AD6041300E1625C /* ReviewListView.swift */,
				2A7E7A2A2AD655A700A49DB6 /* ActorListView.swift */,
				2A7E7A2C2AD6580F00A49DB6 /* ActorSelectionView.swift */,
				2A7E7A2E2AD65DFA00A49DB6 /* ActorCellView.swift */,
			);
			path = Views;
			sourceTree = "<group>";
		};
/* End PBXGroup section */

/* Begin PBXNativeTarget section */
		2A071C722AD5AE7700E1625C /* MoviesApp */ = {
			isa = PBXNativeTarget;
			buildConfigurationList = 2A071C972AD5AE7900E1625C /* Build configuration list for PBXNativeTarget "MoviesApp" */;
			buildPhases = (
				2A071C6F2AD5AE7700E1625C /* Sources */,
				2A071C702AD5AE7700E1625C /* Frameworks */,
				2A071C712AD5AE7700E1625C /* Resources */,
			);
			buildRules = (
			);
			dependencies = (
			);
			name = MoviesApp;
			productName = MoviesApp;
			productReference = 2A071C732AD5AE7700E1625C /* MoviesApp.app */;
			productType = "com.apple.product-type.application";
		};
		2A071C822AD5AE7900E1625C /* MoviesAppTests */ = {
			isa = PBXNativeTarget;
			buildConfigurationList = 2A071C9A2AD5AE7900E1625C /* Build configuration list for PBXNativeTarget "MoviesAppTests" */;
			buildPhases = (
				2A071C7F2AD5AE7900E1625C /* Sources */,
				2A071C802AD5AE7900E1625C /* Frameworks */,
				2A071C812AD5AE7900E1625C /* Resources */,
			);
			buildRules = (
			);
			dependencies = (
				2A071C852AD5AE7900E1625C /* PBXTargetDependency */,
			);
			name = MoviesAppTests;
			productName = MoviesAppTests;
			productReference = 2A071C832AD5AE7900E1625C /* MoviesAppTests.xctest */;
			productType = "com.apple.product-type.bundle.unit-test";
		};
		2A071C8C2AD5AE7900E1625C /* MoviesAppUITests */ = {
			isa = PBXNativeTarget;
			buildConfigurationList = 2A071C9D2AD5AE7900E1625C /* Build configuration list for PBXNativeTarget "MoviesAppUITests" */;
			buildPhases = (
				2A071C892AD5AE7900E1625C /* Sources */,
				2A071C8A2AD5AE7900E1625C /* Frameworks */,
				2A071C8B2AD5AE7900E1625C /* Resources */,
			);
			buildRules = (
			);
			dependencies = (
				2A071C8F2AD5AE7900E1625C /* PBXTargetDependency */,
			);
			name = MoviesAppUITests;
			productName = MoviesAppUITests;
			productReference = 2A071C8D2AD5AE7900E1625C /* MoviesAppUITests.xctest */;
			productType = "com.apple.product-type.bundle.ui-testing";
		};
/* End PBXNativeTarget section */

/* Begin PBXProject section */
		2A071C6B2AD5AE7700E1625C /* Project object */ = {
			isa = PBXProject;
			attributes = {
				BuildIndependentTargetsInParallel = 1;
				LastSwiftUpdateCheck = 1500;
				LastUpgradeCheck = 1500;
				TargetAttributes = {
					2A071C722AD5AE7700E1625C = {
						CreatedOnToolsVersion = 15.0;
					};
					2A071C822AD5AE7900E1625C = {
						CreatedOnToolsVersion = 15.0;
						TestTargetID = 2A071C722AD5AE7700E1625C;
					};
					2A071C8C2AD5AE7900E1625C = {
						CreatedOnToolsVersion = 15.0;
						TestTargetID = 2A071C722AD5AE7700E1625C;
					};
				};
			};
			buildConfigurationList = 2A071C6E2AD5AE7700E1625C /* Build configuration list for PBXProject "MoviesApp" */;
			compatibilityVersion = "Xcode 14.0";
			developmentRegion = en;
			hasScannedForEncodings = 0;
			knownRegions = (
				en,
				Base,
			);
			mainGroup = 2A071C6A2AD5AE7700E1625C;
			productRefGroup = 2A071C742AD5AE7700E1625C /* Products */;
			projectDirPath = "";
			projectRoot = "";
			targets = (
				2A071C722AD5AE7700E1625C /* MoviesApp */,
				2A071C822AD5AE7900E1625C /* MoviesAppTests */,
				2A071C8C2AD5AE7900E1625C /* MoviesAppUITests */,
			);
		};
/* End PBXProject section */

/* Begin PBXResourcesBuildPhase section */
		2A071C712AD5AE7700E1625C /* Resources */ = {
			isa = PBXResourcesBuildPhase;
			buildActionMask = 2147483647;
			files = (
				2A071C7E2AD5AE7800E1625C /* Preview Assets.xcassets in Resources */,
				2A071C7B2AD5AE7800E1625C /* Assets.xcassets in Resources */,
			);
			runOnlyForDeploymentPostprocessing = 0;
		};
		2A071C812AD5AE7900E1625C /* Resources */ = {
			isa = PBXResourcesBuildPhase;
			buildActionMask = 2147483647;
			files = (
			);
			runOnlyForDeploymentPostprocessing = 0;
		};
		2A071C8B2AD5AE7900E1625C /* Resources */ = {
			isa = PBXResourcesBuildPhase;
			buildActionMask = 2147483647;
			files = (
			);
			runOnlyForDeploymentPostprocessing = 0;
		};
/* End PBXResourcesBuildPhase section */

/* Begin PBXSourcesBuildPhase section */
		2A071C6F2AD5AE7700E1625C /* Sources */ = {
			isa = PBXSourcesBuildPhase;
			buildActionMask = 2147483647;
			files = (
				2A071CA72AD5B05B00E1625C /* MovieListScreen.swift in Sources */,
				2A7E7A2B2AD655A700A49DB6 /* ActorListView.swift in Sources */,
				2A071CAD2AD5BD1700E1625C /* MovieListView.swift in Sources */,
				2A071CB72AD6041300E1625C /* ReviewListView.swift in Sources */,
				2A071CB92AD64F4100E1625C /* Actor.swift in Sources */,
				2A071CB32AD5F84900E1625C /* Review.swift in Sources */,
				2A071CB12AD5F7DF00E1625C /* MovieApp.swift in Sources */,
				2A071CA52AD5AF5600E1625C /* AddMovieScreen.swift in Sources */,
				2A071C792AD5AE7700E1625C /* ContentView.swift in Sources */,
				2A7E7A2D2AD6580F00A49DB6 /* ActorSelectionView.swift in Sources */,
				2A071CAF2AD5EE2B00E1625C /* MovieDetailScreen.swift in Sources */,
				2A071CAA2AD5B82600E1625C /* String+Extensions.swift in Sources */,
				2A071CA22AD5AF4300E1625C /* Movie.swift in Sources */,
				2A071CB52AD5FA6700E1625C /* AddReviewScreen.swift in Sources */,
				2A7E7A2F2AD65DFA00A49DB6 /* ActorCellView.swift in Sources */,
			);
			runOnlyForDeploymentPostprocessing = 0;
		};
		2A071C7F2AD5AE7900E1625C /* Sources */ = {
			isa = PBXSourcesBuildPhase;
			buildActionMask = 2147483647;
			files = (
				2A071C882AD5AE7900E1625C /* MoviesAppTests.swift in Sources */,
			);
			runOnlyForDeploymentPostprocessing = 0;
		};
		2A071C892AD5AE7900E1625C /* Sources */ = {
			isa = PBXSourcesBuildPhase;
			buildActionMask = 2147483647;
			files = (
				2A071C922AD5AE7900E1625C /* MoviesAppUITests.swift in Sources */,
				2A071C942AD5AE7900E1625C /* MoviesAppUITestsLaunchTests.swift in Sources */,
			);
			runOnlyForDeploymentPostprocessing = 0;
		};
/* End PBXSourcesBuildPhase section */

/* Begin PBXTargetDependency section */
		2A071C852AD5AE7900E1625C /* PBXTargetDependency */ = {
			isa = PBXTargetDependency;
			target = 2A071C722AD5AE7700E1625C /* MoviesApp */;
			targetProxy = 2A071C842AD5AE7900E1625C /* PBXContainerItemProxy */;
		};
		2A071C8F2AD5AE7900E1625C /* PBXTargetDependency */ = {
			isa = PBXTargetDependency;
			target = 2A071C722AD5AE7700E1625C /* MoviesApp */;
			targetProxy = 2A071C8E2AD5AE7900E1625C /* PBXContainerItemProxy */;
		};
/* End PBXTargetDependency section */

/* Begin XCBuildConfiguration section */
		2A071C952AD5AE7900E1625C /* Debug */ = {
			isa = XCBuildConfiguration;
			buildSettings = {
				ALWAYS_SEARCH_USER_PATHS = NO;
				ASSETCATALOG_COMPILER_GENERATE_SWIFT_ASSET_SYMBOL_EXTENSIONS = YES;
				CLANG_ANALYZER_NONNULL = YES;
				CLANG_ANALYZER_NUMBER_OBJECT_CONVERSION = YES_AGGRESSIVE;
				CLANG_CXX_LANGUAGE_STANDARD = "gnu++20";
				CLANG_ENABLE_MODULES = YES;
				CLANG_ENABLE_OBJC_ARC = YES;
				CLANG_ENABLE_OBJC_WEAK = YES;
				CLANG_WARN_BLOCK_CAPTURE_AUTORELEASING = YES;
				CLANG_WARN_BOOL_CONVERSION = YES;
				CLANG_WARN_COMMA = YES;
				CLANG_WARN_CONSTANT_CONVERSION = YES;
				CLANG_WARN_DEPRECATED_OBJC_IMPLEMENTATIONS = YES;
				CLANG_WARN_DIRECT_OBJC_ISA_USAGE = YES_ERROR;
				CLANG_WARN_DOCUMENTATION_COMMENTS = YES;
				CLANG_WARN_EMPTY_BODY = YES;
				CLANG_WARN_ENUM_CONVERSION = YES;
				CLANG_WARN_INFINITE_RECURSION = YES;
				CLANG_WARN_INT_CONVERSION = YES;
				CLANG_WARN_NON_LITERAL_NULL_CONVERSION = YES;
				CLANG_WARN_OBJC_IMPLICIT_RETAIN_SELF = YES;
				CLANG_WARN_OBJC_LITERAL_CONVERSION = YES;
				CLANG_WARN_OBJC_ROOT_CLASS = YES_ERROR;
				CLANG_WARN_QUOTED_INCLUDE_IN_FRAMEWORK_HEADER = YES;
				CLANG_WARN_RANGE_LOOP_ANALYSIS = YES;
				CLANG_WARN_STRICT_PROTOTYPES = YES;
				CLANG_WARN_SUSPICIOUS_MOVE = YES;
				CLANG_WARN_UNGUARDED_AVAILABILITY = YES_AGGRESSIVE;
				CLANG_WARN_UNREACHABLE_CODE = YES;
				CLANG_WARN__DUPLICATE_METHOD_MATCH = YES;
				COPY_PHASE_STRIP = NO;
				DEBUG_INFORMATION_FORMAT = dwarf;
				ENABLE_STRICT_OBJC_MSGSEND = YES;
				ENABLE_TESTABILITY = YES;
				ENABLE_USER_SCRIPT_SANDBOXING = YES;
				GCC_C_LANGUAGE_STANDARD = gnu17;
				GCC_DYNAMIC_NO_PIC = NO;
				GCC_NO_COMMON_BLOCKS = YES;
				GCC_OPTIMIZATION_LEVEL = 0;
				GCC_PREPROCESSOR_DEFINITIONS = (
					"DEBUG=1",
					"$(inherited)",
				);
				GCC_WARN_64_TO_32_BIT_CONVERSION = YES;
				GCC_WARN_ABOUT_RETURN_TYPE = YES_ERROR;
				GCC_WARN_UNDECLARED_SELECTOR = YES;
				GCC_WARN_UNINITIALIZED_AUTOS = YES_AGGRESSIVE;
				GCC_WARN_UNUSED_FUNCTION = YES;
				GCC_WARN_UNUSED_VARIABLE = YES;
				IPHONEOS_DEPLOYMENT_TARGET = 17.0;
				LOCALIZATION_PREFERS_STRING_CATALOGS = YES;
				MTL_ENABLE_DEBUG_INFO = INCLUDE_SOURCE;
				MTL_FAST_MATH = YES;
				ONLY_ACTIVE_ARCH = YES;
				SDKROOT = iphoneos;
				SWIFT_ACTIVE_COMPILATION_CONDITIONS = "DEBUG $(inherited)";
				SWIFT_OPTIMIZATION_LEVEL = "-Onone";
			};
			name = Debug;
		};
		2A071C962AD5AE7900E1625C /* Release */ = {
			isa = XCBuildConfiguration;
			buildSettings = {
				ALWAYS_SEARCH_USER_PATHS = NO;
				ASSETCATALOG_COMPILER_GENERATE_SWIFT_ASSET_SYMBOL_EXTENSIONS = YES;
				CLANG_ANALYZER_NONNULL = YES;
				CLANG_ANALYZER_NUMBER_OBJECT_CONVERSION = YES_AGGRESSIVE;
				CLANG_CXX_LANGUAGE_STANDARD = "gnu++20";
				CLANG_ENABLE_MODULES = YES;
				CLANG_ENABLE_OBJC_ARC = YES;
				CLANG_ENABLE_OBJC_WEAK = YES;
				CLANG_WARN_BLOCK_CAPTURE_AUTORELEASING = YES;
				CLANG_WARN_BOOL_CONVERSION = YES;
				CLANG_WARN_COMMA = YES;
				CLANG_WARN_CONSTANT_CONVERSION = YES;
				CLANG_WARN_DEPRECATED_OBJC_IMPLEMENTATIONS = YES;
				CLANG_WARN_DIRECT_OBJC_ISA_USAGE = YES_ERROR;
				CLANG_WARN_DOCUMENTATION_COMMENTS = YES;
				CLANG_WARN_EMPTY_BODY = YES;
				CLANG_WARN_ENUM_CONVERSION = YES;
				CLANG_WARN_INFINITE_RECURSION = YES;
				CLANG_WARN_INT_CONVERSION = YES;
				CLANG_WARN_NON_LITERAL_NULL_CONVERSION = YES;
				CLANG_WARN_OBJC_IMPLICIT_RETAIN_SELF = YES;
				CLANG_WARN_OBJC_LITERAL_CONVERSION = YES;
				CLANG_WARN_OBJC_ROOT_CLASS = YES_ERROR;
				CLANG_WARN_QUOTED_INCLUDE_IN_FRAMEWORK_HEADER = YES;
				CLANG_WARN_RANGE_LOOP_ANALYSIS = YES;
				CLANG_WARN_STRICT_PROTOTYPES = YES;
				CLANG_WARN_SUSPICIOUS_MOVE = YES;
				CLANG_WARN_UNGUARDED_AVAILABILITY = YES_AGGRESSIVE;
				CLANG_WARN_UNREACHABLE_CODE = YES;
				CLANG_WARN__DUPLICATE_METHOD_MATCH = YES;
				COPY_PHASE_STRIP = NO;
				DEBUG_INFORMATION_FORMAT = "dwarf-with-dsym";
				ENABLE_NS_ASSERTIONS = NO;
				ENABLE_STRICT_OBJC_MSGSEND = YES;
				ENABLE_USER_SCRIPT_SANDBOXING = YES;
				GCC_C_LANGUAGE_STANDARD = gnu17;
				GCC_NO_COMMON_BLOCKS = YES;
				GCC_WARN_64_TO_32_BIT_CONVERSION = YES;
				GCC_WARN_ABOUT_RETURN_TYPE = YES_ERROR;
				GCC_WARN_UNDECLARED_SELECTOR = YES;
				GCC_WARN_UNINITIALIZED_AUTOS = YES_AGGRESSIVE;
				GCC_WARN_UNUSED_FUNCTION = YES;
				GCC_WARN_UNUSED_VARIABLE = YES;
				IPHONEOS_DEPLOYMENT_TARGET = 17.0;
				LOCALIZATION_PREFERS_STRING_CATALOGS = YES;
				MTL_ENABLE_DEBUG_INFO = NO;
				MTL_FAST_MATH = YES;
				SDKROOT = iphoneos;
				SWIFT_COMPILATION_MODE = wholemodule;
				VALIDATE_PRODUCT = YES;
			};
			name = Release;
		};
		2A071C982AD5AE7900E1625C /* Debug */ = {
			isa = XCBuildConfiguration;
			buildSettings = {
				ASSETCATALOG_COMPILER_APPICON_NAME = AppIcon;
				ASSETCATALOG_COMPILER_GLOBAL_ACCENT_COLOR_NAME = AccentColor;
				CODE_SIGN_STYLE = Automatic;
				CURRENT_PROJECT_VERSION = 1;
				DEVELOPMENT_ASSET_PATHS = "\"MoviesApp/Preview Content\"";
				DEVELOPMENT_TEAM = 476QK54UU2;
				ENABLE_PREVIEWS = YES;
				GENERATE_INFOPLIST_FILE = YES;
				INFOPLIST_KEY_UIApplicationSceneManifest_Generation = YES;
				INFOPLIST_KEY_UIApplicationSupportsIndirectInputEvents = YES;
				INFOPLIST_KEY_UILaunchScreen_Generation = YES;
				INFOPLIST_KEY_UISupportedInterfaceOrientations_iPad = "UIInterfaceOrientationPortrait UIInterfaceOrientationPortraitUpsideDown UIInterfaceOrientationLandscapeLeft UIInterfaceOrientationLandscapeRight";
				INFOPLIST_KEY_UISupportedInterfaceOrientations_iPhone = "UIInterfaceOrientationPortrait UIInterfaceOrientationLandscapeLeft UIInterfaceOrientationLandscapeRight";
				LD_RUNPATH_SEARCH_PATHS = (
					"$(inherited)",
					"@executable_path/Frameworks",
				);
				MARKETING_VERSION = 1.0;
				PRODUCT_BUNDLE_IDENTIFIER = "com.it-guy.MoviesApp";
				PRODUCT_NAME = "$(TARGET_NAME)";
				SWIFT_EMIT_LOC_STRINGS = YES;
				SWIFT_VERSION = 5.0;
				TARGETED_DEVICE_FAMILY = "1,2";
			};
			name = Debug;
		};
		2A071C992AD5AE7900E1625C /* Release */ = {
			isa = XCBuildConfiguration;
			buildSettings = {
				ASSETCATALOG_COMPILER_APPICON_NAME = AppIcon;
				ASSETCATALOG_COMPILER_GLOBAL_ACCENT_COLOR_NAME = AccentColor;
				CODE_SIGN_STYLE = Automatic;
				CURRENT_PROJECT_VERSION = 1;
				DEVELOPMENT_ASSET_PATHS = "\"MoviesApp/Preview Content\"";
				DEVELOPMENT_TEAM = 476QK54UU2;
				ENABLE_PREVIEWS = YES;
				GENERATE_INFOPLIST_FILE = YES;
				INFOPLIST_KEY_UIApplicationSceneManifest_Generation = YES;
				INFOPLIST_KEY_UIApplicationSupportsIndirectInputEvents = YES;
				INFOPLIST_KEY_UILaunchScreen_Generation = YES;
				INFOPLIST_KEY_UISupportedInterfaceOrientations_iPad = "UIInterfaceOrientationPortrait UIInterfaceOrientationPortraitUpsideDown UIInterfaceOrientationLandscapeLeft UIInterfaceOrientationLandscapeRight";
				INFOPLIST_KEY_UISupportedInterfaceOrientations_iPhone = "UIInterfaceOrientationPortrait UIInterfaceOrientationLandscapeLeft UIInterfaceOrientationLandscapeRight";
				LD_RUNPATH_SEARCH_PATHS = (
					"$(inherited)",
					"@executable_path/Frameworks",
				);
				MARKETING_VERSION = 1.0;
				PRODUCT_BUNDLE_IDENTIFIER = "com.it-guy.MoviesApp";
				PRODUCT_NAME = "$(TARGET_NAME)";
				SWIFT_EMIT_LOC_STRINGS = YES;
				SWIFT_VERSION = 5.0;
				TARGETED_DEVICE_FAMILY = "1,2";
			};
			name = Release;
		};
		2A071C9B2AD5AE7900E1625C /* Debug */ = {
			isa = XCBuildConfiguration;
			buildSettings = {
				ALWAYS_EMBED_SWIFT_STANDARD_LIBRARIES = YES;
				BUNDLE_LOADER = "$(TEST_HOST)";
				CODE_SIGN_STYLE = Automatic;
				CURRENT_PROJECT_VERSION = 1;
				DEVELOPMENT_TEAM = 476QK54UU2;
				GENERATE_INFOPLIST_FILE = YES;
				IPHONEOS_DEPLOYMENT_TARGET = 17.0;
				MARKETING_VERSION = 1.0;
				PRODUCT_BUNDLE_IDENTIFIER = "com.it-guy.MoviesAppTests";
				PRODUCT_NAME = "$(TARGET_NAME)";
				SWIFT_EMIT_LOC_STRINGS = NO;
				SWIFT_VERSION = 5.0;
				TARGETED_DEVICE_FAMILY = "1,2";
				TEST_HOST = "$(BUILT_PRODUCTS_DIR)/MoviesApp.app/$(BUNDLE_EXECUTABLE_FOLDER_PATH)/MoviesApp";
			};
			name = Debug;
		};
		2A071C9C2AD5AE7900E1625C /* Release */ = {
			isa = XCBuildConfiguration;
			buildSettings = {
				ALWAYS_EMBED_SWIFT_STANDARD_LIBRARIES = YES;
				BUNDLE_LOADER = "$(TEST_HOST)";
				CODE_SIGN_STYLE = Automatic;
				CURRENT_PROJECT_VERSION = 1;
				DEVELOPMENT_TEAM = 476QK54UU2;
				GENERATE_INFOPLIST_FILE = YES;
				IPHONEOS_DEPLOYMENT_TARGET = 17.0;
				MARKETING_VERSION = 1.0;
				PRODUCT_BUNDLE_IDENTIFIER = "com.it-guy.MoviesAppTests";
				PRODUCT_NAME = "$(TARGET_NAME)";
				SWIFT_EMIT_LOC_STRINGS = NO;
				SWIFT_VERSION = 5.0;
				TARGETED_DEVICE_FAMILY = "1,2";
				TEST_HOST = "$(BUILT_PRODUCTS_DIR)/MoviesApp.app/$(BUNDLE_EXECUTABLE_FOLDER_PATH)/MoviesApp";
			};
			name = Release;
		};
		2A071C9E2AD5AE7900E1625C /* Debug */ = {
			isa = XCBuildConfiguration;
			buildSettings = {
				ALWAYS_EMBED_SWIFT_STANDARD_LIBRARIES = YES;
				CODE_SIGN_STYLE = Automatic;
				CURRENT_PROJECT_VERSION = 1;
				DEVELOPMENT_TEAM = 476QK54UU2;
				GENERATE_INFOPLIST_FILE = YES;
				MARKETING_VERSION = 1.0;
				PRODUCT_BUNDLE_IDENTIFIER = "com.it-guy.MoviesAppUITests";
				PRODUCT_NAME = "$(TARGET_NAME)";
				SWIFT_EMIT_LOC_STRINGS = NO;
				SWIFT_VERSION = 5.0;
				TARGETED_DEVICE_FAMILY = "1,2";
				TEST_TARGET_NAME = MoviesApp;
			};
			name = Debug;
		};
		2A071C9F2AD5AE7900E1625C /* Release */ = {
			isa = XCBuildConfiguration;
			buildSettings = {
				ALWAYS_EMBED_SWIFT_STANDARD_LIBRARIES = YES;
				CODE_SIGN_STYLE = Automatic;
				CURRENT_PROJECT_VERSION = 1;
				DEVELOPMENT_TEAM = 476QK54UU2;
				GENERATE_INFOPLIST_FILE = YES;
				MARKETING_VERSION = 1.0;
				PRODUCT_BUNDLE_IDENTIFIER = "com.it-guy.MoviesAppUITests";
				PRODUCT_NAME = "$(TARGET_NAME)";
				SWIFT_EMIT_LOC_STRINGS = NO;
				SWIFT_VERSION = 5.0;
				TARGETED_DEVICE_FAMILY = "1,2";
				TEST_TARGET_NAME = MoviesApp;
			};
			name = Release;
		};
/* End XCBuildConfiguration section */

/* Begin XCConfigurationList section */
		2A071C6E2AD5AE7700E1625C /* Build configuration list for PBXProject "MoviesApp" */ = {
			isa = XCConfigurationList;
			buildConfigurations = (
				2A071C952AD5AE7900E1625C /* Debug */,
				2A071C962AD5AE7900E1625C /* Release */,
			);
			defaultConfigurationIsVisible = 0;
			defaultConfigurationName = Release;
		};
		2A071C972AD5AE7900E1625C /* Build configuration list for PBXNativeTarget "MoviesApp" */ = {
			isa = XCConfigurationList;
			buildConfigurations = (
				2A071C982AD5AE7900E1625C /* Debug */,
				2A071C992AD5AE7900E1625C /* Release */,
			);
			defaultConfigurationIsVisible = 0;
			defaultConfigurationName = Release;
		};
		2A071C9A2AD5AE7900E1625C /* Build configuration list for PBXNativeTarget "MoviesAppTests" */ = {
			isa = XCConfigurationList;
			buildConfigurations = (
				2A071C9B2AD5AE7900E1625C /* Debug */,
				2A071C9C2AD5AE7900E1625C /* Release */,
			);
			defaultConfigurationIsVisible = 0;
			defaultConfigurationName = Release;
		};
		2A071C9D2AD5AE7900E1625C /* Build configuration list for PBXNativeTarget "MoviesAppUITests" */ = {
			isa = XCConfigurationList;
			buildConfigurations = (
				2A071C9E2AD5AE7900E1625C /* Debug */,
				2A071C9F2AD5AE7900E1625C /* Release */,
			);
			defaultConfigurationIsVisible = 0;
			defaultConfigurationName = Release;
		};
/* End XCConfigurationList section */
	};
	rootObject = 2A071C6B2AD5AE7700E1625C /* Project object */;
}
